// !$*UTF8*$!
{
	archiveVersion = 1;
	classes = {
	};
	objectVersion = 46;
	objects = {

/* Begin PBXBuildFile section */
		B4705F4E155C3208007D7C4D /* Cocoa.framework in Frameworks */ = {isa = PBXBuildFile; fileRef = B4705F4D155C3208007D7C4D /* Cocoa.framework */; };
		B4705F61155C3210007D7C4D /* JSONKit.h in Headers */ = {isa = PBXBuildFile; fileRef = B4F7139314EC24150009A8D2 /* JSONKit.h */; settings = {ATTRIBUTES = (Public, ); }; };
		B4E4DF89155C325800D1E750 /* JSONKit.m in Sources */ = {isa = PBXBuildFile; fileRef = B4F7139414EC24150009A8D2 /* JSONKit.m */; };
		B4F7138314EC23770009A8D2 /* Foundation.framework in Frameworks */ = {isa = PBXBuildFile; fileRef = B4F7138214EC23770009A8D2 /* Foundation.framework */; };
		B4F7139514EC24150009A8D2 /* JSONKit.h in Headers */ = {isa = PBXBuildFile; fileRef = B4F7139314EC24150009A8D2 /* JSONKit.h */; };
		B4F7139614EC24150009A8D2 /* JSONKit.m in Sources */ = {isa = PBXBuildFile; fileRef = B4F7139414EC24150009A8D2 /* JSONKit.m */; };
/* End PBXBuildFile section */

/* Begin PBXFileReference section */
		B4705F4C155C3208007D7C4D /* MacJSONKit.framework */ = {isa = PBXFileReference; explicitFileType = wrapper.framework; includeInIndex = 0; path = MacJSONKit.framework; sourceTree = BUILT_PRODUCTS_DIR; };
		B4705F4D155C3208007D7C4D /* Cocoa.framework */ = {isa = PBXFileReference; lastKnownFileType = wrapper.framework; name = Cocoa.framework; path = Library/Frameworks/Cocoa.framework; sourceTree = DEVELOPER_DIR; };
		B4705F50155C3208007D7C4D /* AppKit.framework */ = {isa = PBXFileReference; lastKnownFileType = wrapper.framework; name = AppKit.framework; path = Library/Frameworks/AppKit.framework; sourceTree = SDKROOT; };
		B4705F51155C3208007D7C4D /* CoreData.framework */ = {isa = PBXFileReference; lastKnownFileType = wrapper.framework; name = CoreData.framework; path = Library/Frameworks/CoreData.framework; sourceTree = SDKROOT; };
		B4705F52155C3208007D7C4D /* Foundation.framework */ = {isa = PBXFileReference; lastKnownFileType = wrapper.framework; name = Foundation.framework; path = Library/Frameworks/Foundation.framework; sourceTree = SDKROOT; };
		B4F7137F14EC23770009A8D2 /* libJSONKit.a */ = {isa = PBXFileReference; explicitFileType = archive.ar; includeInIndex = 0; path = libJSONKit.a; sourceTree = BUILT_PRODUCTS_DIR; };
		B4F7138214EC23770009A8D2 /* Foundation.framework */ = {isa = PBXFileReference; lastKnownFileType = wrapper.framework; name = Foundation.framework; path = System/Library/Frameworks/Foundation.framework; sourceTree = SDKROOT; };
		B4F7139314EC24150009A8D2 /* JSONKit.h */ = {isa = PBXFileReference; fileEncoding = 4; lastKnownFileType = sourcecode.c.h; path = JSONKit.h; sourceTree = SOURCE_ROOT; };
		B4F7139414EC24150009A8D2 /* JSONKit.m */ = {isa = PBXFileReference; fileEncoding = 4; lastKnownFileType = sourcecode.c.objc; path = JSONKit.m; sourceTree = SOURCE_ROOT; };
/* End PBXFileReference section */

/* Begin PBXFrameworksBuildPhase section */
		B4705F48155C3208007D7C4D /* Frameworks */ = {
			isa = PBXFrameworksBuildPhase;
			buildActionMask = 2147483647;
			files = (
				B4705F4E155C3208007D7C4D /* Cocoa.framework in Frameworks */,
			);
			runOnlyForDeploymentPostprocessing = 0;
		};
		B4F7137C14EC23770009A8D2 /* Frameworks */ = {
			isa = PBXFrameworksBuildPhase;
			buildActionMask = 2147483647;
			files = (
				B4F7138314EC23770009A8D2 /* Foundation.framework in Frameworks */,
			);
			runOnlyForDeploymentPostprocessing = 0;
		};
/* End PBXFrameworksBuildPhase section */

/* Begin PBXGroup section */
		B4705F4F155C3208007D7C4D /* Other Frameworks */ = {
			isa = PBXGroup;
			children = (
				B4705F50155C3208007D7C4D /* AppKit.framework */,
				B4705F51155C3208007D7C4D /* CoreData.framework */,
				B4705F52155C3208007D7C4D /* Foundation.framework */,
			);
			name = "Other Frameworks";
			sourceTree = "<group>";
		};
		B4F7137414EC23770009A8D2 = {
			isa = PBXGroup;
			children = (
				B4F7138414EC23770009A8D2 /* JSONKit */,
				B4F7138114EC23770009A8D2 /* Frameworks */,
				B4F7138014EC23770009A8D2 /* Products */,
			);
			sourceTree = "<group>";
		};
		B4F7138014EC23770009A8D2 /* Products */ = {
			isa = PBXGroup;
			children = (
				B4F7137F14EC23770009A8D2 /* libJSONKit.a */,
				B4705F4C155C3208007D7C4D /* MacJSONKit.framework */,
			);
			name = Products;
			sourceTree = "<group>";
		};
		B4F7138114EC23770009A8D2 /* Frameworks */ = {
			isa = PBXGroup;
			children = (
				B4F7138214EC23770009A8D2 /* Foundation.framework */,
				B4705F4D155C3208007D7C4D /* Cocoa.framework */,
				B4705F4F155C3208007D7C4D /* Other Frameworks */,
			);
			name = Frameworks;
			sourceTree = "<group>";
		};
		B4F7138414EC23770009A8D2 /* JSONKit */ = {
			isa = PBXGroup;
			children = (
				B4F7139314EC24150009A8D2 /* JSONKit.h */,
				B4F7139414EC24150009A8D2 /* JSONKit.m */,
			);
			path = JSONKit;
			sourceTree = "<group>";
		};
/* End PBXGroup section */

/* Begin PBXHeadersBuildPhase section */
		B4705F49155C3208007D7C4D /* Headers */ = {
			isa = PBXHeadersBuildPhase;
			buildActionMask = 2147483647;
			files = (
				B4705F61155C3210007D7C4D /* JSONKit.h in Headers */,
			);
			runOnlyForDeploymentPostprocessing = 0;
		};
		B4F7137D14EC23770009A8D2 /* Headers */ = {
			isa = PBXHeadersBuildPhase;
			buildActionMask = 2147483647;
			files = (
				B4F7139514EC24150009A8D2 /* JSONKit.h in Headers */,
			);
			runOnlyForDeploymentPostprocessing = 0;
		};
/* End PBXHeadersBuildPhase section */

/* Begin PBXNativeTarget section */
		B4705F4B155C3208007D7C4D /* MacJSONKit */ = {
			isa = PBXNativeTarget;
			buildConfigurationList = B4705F5F155C3208007D7C4D /* Build configuration list for PBXNativeTarget "MacJSONKit" */;
			buildPhases = (
				B4705F47155C3208007D7C4D /* Sources */,
				B4705F48155C3208007D7C4D /* Frameworks */,
				B4705F49155C3208007D7C4D /* Headers */,
				B4705F4A155C3208007D7C4D /* Resources */,
			);
			buildRules = (
			);
			dependencies = (
			);
			name = MacJSONKit;
			productName = MacJSONKit;
			productReference = B4705F4C155C3208007D7C4D /* MacJSONKit.framework */;
			productType = "com.apple.product-type.framework";
		};
		B4F7137E14EC23770009A8D2 /* JSONKit */ = {
			isa = PBXNativeTarget;
			buildConfigurationList = B4F7138C14EC23770009A8D2 /* Build configuration list for PBXNativeTarget "JSONKit" */;
			buildPhases = (
				B4F7137B14EC23770009A8D2 /* Sources */,
				B4F7137C14EC23770009A8D2 /* Frameworks */,
				B4F7137D14EC23770009A8D2 /* Headers */,
			);
			buildRules = (
			);
			dependencies = (
			);
			name = JSONKit;
			productName = JSONKit;
			productReference = B4F7137F14EC23770009A8D2 /* libJSONKit.a */;
			productType = "com.apple.product-type.library.static";
		};
/* End PBXNativeTarget section */

/* Begin PBXProject section */
		B4F7137614EC23770009A8D2 /* Project object */ = {
			isa = PBXProject;
			attributes = {
				LastUpgradeCheck = 0420;
			};
			buildConfigurationList = B4F7137914EC23770009A8D2 /* Build configuration list for PBXProject "JSONKit" */;
			compatibilityVersion = "Xcode 3.2";
			developmentRegion = English;
			hasScannedForEncodings = 0;
			knownRegions = (
				en,
			);
			mainGroup = B4F7137414EC23770009A8D2;
			productRefGroup = B4F7138014EC23770009A8D2 /* Products */;
			projectDirPath = "";
			projectRoot = "";
			targets = (
				B4F7137E14EC23770009A8D2 /* JSONKit */,
				B4705F4B155C3208007D7C4D /* MacJSONKit */,
			);
		};
/* End PBXProject section */

/* Begin PBXResourcesBuildPhase section */
		B4705F4A155C3208007D7C4D /* Resources */ = {
			isa = PBXResourcesBuildPhase;
			buildActionMask = 2147483647;
			files = (
			);
			runOnlyForDeploymentPostprocessing = 0;
		};
/* End PBXResourcesBuildPhase section */

/* Begin PBXSourcesBuildPhase section */
		B4705F47155C3208007D7C4D /* Sources */ = {
			isa = PBXSourcesBuildPhase;
			buildActionMask = 2147483647;
			files = (
				B4E4DF89155C325800D1E750 /* JSONKit.m in Sources */,
			);
			runOnlyForDeploymentPostprocessing = 0;
		};
		B4F7137B14EC23770009A8D2 /* Sources */ = {
			isa = PBXSourcesBuildPhase;
			buildActionMask = 2147483647;
			files = (
				B4F7139614EC24150009A8D2 /* JSONKit.m in Sources */,
			);
			runOnlyForDeploymentPostprocessing = 0;
		};
/* End PBXSourcesBuildPhase section */

/* Begin XCBuildConfiguration section */
		B4705F5D155C3208007D7C4D /* Debug */ = {
			isa = XCBuildConfiguration;
			buildSettings = {
				ARCHS = "$(ARCHS_STANDARD_64_BIT)";
				CLANG_WARN__DUPLICATE_METHOD_MATCH = YES;
				DYLIB_COMPATIBILITY_VERSION = 1;
				DYLIB_CURRENT_VERSION = 1;
				FRAMEWORK_SEARCH_PATHS = (
					"$(inherited)",
					"\"$(SYSTEM_APPS_DIR)/Xcode.app/Contents/Developer/Library/Frameworks\"",
				);
				FRAMEWORK_VERSION = A;
				GCC_ENABLE_OBJC_EXCEPTIONS = YES;
				GCC_PRECOMPILE_PREFIX_HEADER = YES;
				GCC_WARN_64_TO_32_BIT_CONVERSION = YES;
				GCC_WARN_UNINITIALIZED_AUTOS = YES;
				MACOSX_DEPLOYMENT_TARGET = 10.8;
				ONLY_ACTIVE_ARCH = YES;
				PRODUCT_NAME = "$(TARGET_NAME)";
				SDKROOT = macosx;
				WRAPPER_EXTENSION = framework;
			};
			name = Debug;
		};
		B4705F5E155C3208007D7C4D /* Release */ = {
			isa = XCBuildConfiguration;
			buildSettings = {
				ARCHS = "$(ARCHS_STANDARD_64_BIT)";
				CLANG_WARN__DUPLICATE_METHOD_MATCH = YES;
				DEBUG_INFORMATION_FORMAT = "dwarf-with-dsym";
				DYLIB_COMPATIBILITY_VERSION = 1;
				DYLIB_CURRENT_VERSION = 1;
				FRAMEWORK_SEARCH_PATHS = (
					"$(inherited)",
					"\"$(SYSTEM_APPS_DIR)/Xcode.app/Contents/Developer/Library/Frameworks\"",
				);
				FRAMEWORK_VERSION = A;
				GCC_ENABLE_OBJC_EXCEPTIONS = YES;
				GCC_PRECOMPILE_PREFIX_HEADER = YES;
				GCC_WARN_64_TO_32_BIT_CONVERSION = YES;
				GCC_WARN_UNINITIALIZED_AUTOS = YES;
				MACOSX_DEPLOYMENT_TARGET = 10.8;
				PRODUCT_NAME = "$(TARGET_NAME)";
				SDKROOT = macosx;
				WRAPPER_EXTENSION = framework;
			};
			name = Release;
		};
		B4F7138A14EC23770009A8D2 /* Debug */ = {
			isa = XCBuildConfiguration;
			buildSettings = {
				ALWAYS_SEARCH_USER_PATHS = NO;
				ARCHS = "$(ARCHS_STANDARD_32_BIT)";
				COPY_PHASE_STRIP = NO;
				GCC_C_LANGUAGE_STANDARD = gnu99;
				GCC_DYNAMIC_NO_PIC = NO;
				GCC_OPTIMIZATION_LEVEL = 0;
				GCC_PREPROCESSOR_DEFINITIONS = (
					"DEBUG=1",
					"$(inherited)",
				);
				GCC_SYMBOLS_PRIVATE_EXTERN = NO;
				GCC_VERSION = com.apple.compilers.llvm.clang.1_0;
				GCC_WARN_ABOUT_MISSING_PROTOTYPES = YES;
				GCC_WARN_ABOUT_RETURN_TYPE = YES;
				GCC_WARN_UNUSED_VARIABLE = YES;
				IPHONEOS_DEPLOYMENT_TARGET = 5.0;
				SDKROOT = iphoneos;
			};
			name = Debug;
		};
		B4F7138B14EC23770009A8D2 /* Release */ = {
			isa = XCBuildConfiguration;
			buildSettings = {
				ALWAYS_SEARCH_USER_PATHS = NO;
				ARCHS = "$(ARCHS_STANDARD_32_BIT)";
				COPY_PHASE_STRIP = YES;
				GCC_C_LANGUAGE_STANDARD = gnu99;
				GCC_VERSION = com.apple.compilers.llvm.clang.1_0;
				GCC_WARN_ABOUT_MISSING_PROTOTYPES = YES;
				GCC_WARN_ABOUT_RETURN_TYPE = YES;
				GCC_WARN_UNUSED_VARIABLE = YES;
				IPHONEOS_DEPLOYMENT_TARGET = 5.0;
				SDKROOT = iphoneos;
				VALIDATE_PRODUCT = YES;
			};
			name = Release;
		};
		B4F7138D14EC23770009A8D2 /* Debug */ = {
			isa = XCBuildConfiguration;
			buildSettings = {
				DSTROOT = /tmp/JSONKit.dst;
				GCC_PRECOMPILE_PREFIX_HEADER = NO;
				OTHER_LDFLAGS = "-ObjC";
				PRODUCT_NAME = "$(TARGET_NAME)";
				SKIP_INSTALL = YES;
			};
			name = Debug;
		};
		B4F7138E14EC23770009A8D2 /* Release */ = {
			isa = XCBuildConfiguration;
			buildSettings = {
				DSTROOT = /tmp/JSONKit.dst;
				GCC_PRECOMPILE_PREFIX_HEADER = NO;
				OTHER_LDFLAGS = "-ObjC";
				PRODUCT_NAME = "$(TARGET_NAME)";
				SKIP_INSTALL = YES;
			};
			name = Release;
		};
/* End XCBuildConfiguration section */

/* Begin XCConfigurationList section */
		B4705F5F155C3208007D7C4D /* Build configuration list for PBXNativeTarget "MacJSONKit" */ = {
			isa = XCConfigurationList;
			buildConfigurations = (
				B4705F5D155C3208007D7C4D /* Debug */,
				B4705F5E155C3208007D7C4D /* Release */,
			);
			defaultConfigurationIsVisible = 0;
			defaultConfigurationName = Release;
		};
		B4F7137914EC23770009A8D2 /* Build configuration list for PBXProject "JSONKit" */ = {
			isa = XCConfigurationList;
			buildConfigurations = (
				B4F7138A14EC23770009A8D2 /* Debug */,
				B4F7138B14EC23770009A8D2 /* Release */,
			);
			defaultConfigurationIsVisible = 0;
			defaultConfigurationName = Release;
		};
		B4F7138C14EC23770009A8D2 /* Build configuration list for PBXNativeTarget "JSONKit" */ = {
			isa = XCConfigurationList;
			buildConfigurations = (
				B4F7138D14EC23770009A8D2 /* Debug */,
				B4F7138E14EC23770009A8D2 /* Release */,
			);
			defaultConfigurationIsVisible = 0;
			defaultConfigurationName = Release;
		};
/* End XCConfigurationList section */
	};
	rootObject = B4F7137614EC23770009A8D2 /* Project object */;
}
